
Microsoft Visual Studio Solution File, Format Version 12.00
# Visual Studio Version 16
VisualStudioVersion = 16.0.31911.196
MinimumVisualStudioVersion = 10.0.40219.1
Project("{FAE04EC0-301F-11D3-BF4B-00C04F79EFBC}") = "Calculator.Android", "Calculator\Calculator.Android\Calculator.Android.csproj", "{B374DBB6-07A6-4E75-B1FA-C45A72174FEA}"
EndProject
Project("{FAE04EC0-301F-11D3-BF4B-00C04F79EFBC}") = "Calculator.iOS", "Calculator\Calculator.iOS\Calculator.iOS.csproj", "{AB909AC7-DFD1-4D98-A9F1-0902DB703008}"
EndProject
Project("{FAE04EC0-301F-11D3-BF4B-00C04F79EFBC}") = "Calculator", "Calculator\Calculator\Calculator.csproj", "{C025D1FC-F733-43C1-BE39-B1AABF1ABFF5}"
EndProject
Global
	GlobalSection(SolutionConfigurationPlatforms) = preSolution
		Debug|Any CPU = Debug|Any CPU
		Debug|iPhone = Debug|iPhone
		Debug|iPhoneSimulator = Debug|iPhoneSimulator
		Release|Any CPU = Release|Any CPU
		Release|iPhone = Release|iPhone
		Release|iPhoneSimulator = Release|iPhoneSimulator
	EndGlobalSection
	GlobalSection(ProjectConfigurationPlatforms) = postSolution
		{B374DBB6-07A6-4E75-B1FA-C45A72174FEA}.Debug|Any CPU.ActiveCfg = Debug|Any CPU
		{B374DBB6-07A6-4E75-B1FA-C45A72174FEA}.Debug|Any CPU.Build.0 = Debug|Any CPU
		{B374DBB6-07A6-4E75-B1FA-C45A72174FEA}.Debug|Any CPU.Deploy.0 = Debug|Any CPU
		{B374DBB6-07A6-4E75-B1FA-C45A72174FEA}.Debug|iPhone.ActiveCfg = Debug|Any CPU
		{B374DBB6-07A6-4E75-B1FA-C45A72174FEA}.Debug|iPhone.Build.0 = Debug|Any CPU
		{B374DBB6-07A6-4E75-B1FA-C45A72174FEA}.Debug|iPhone.Deploy.0 = Debug|Any CPU
		{B374DBB6-07A6-4E75-B1FA-C45A72174FEA}.Debug|iPhoneSimulator.ActiveCfg = Debug|Any CPU
		{B374DBB6-07A6-4E75-B1FA-C45A72174FEA}.Debug|iPhoneSimulator.Build.0 = Debug|Any CPU
		{B374DBB6-07A6-4E75-B1FA-C45A72174FEA}.Debug|iPhoneSimulator.Deploy.0 = Debug|Any CPU
		{B374DBB6-07A6-4E75-B1FA-C45A72174FEA}.Release|Any CPU.ActiveCfg = Release|Any CPU
		{B374DBB6-07A6-4E75-B1FA-C45A72174FEA}.Release|Any CPU.Build.0 = Release|Any CPU
		{B374DBB6-07A6-4E75-B1FA-C45A72174FEA}.Release|Any CPU.Deploy.0 = Release|Any CPU
		{B374DBB6-07A6-4E75-B1FA-C45A72174FEA}.Release|iPhone.ActiveCfg = Release|Any CPU
		{B374DBB6-07A6-4E75-B1FA-C45A72174FEA}.Release|iPhone.Build.0 = Release|Any CPU
		{B374DBB6-07A6-4E75-B1FA-C45A72174FEA}.Release|iPhone.Deploy.0 = Release|Any CPU
		{B374DBB6-07A6-4E75-B1FA-C45A72174FEA}.Release|iPhoneSimulator.ActiveCfg = Release|Any CPU
		{B374DBB6-07A6-4E75-B1FA-C45A72174FEA}.Release|iPhoneSimulator.Build.0 = Release|Any CPU
		{B374DBB6-07A6-4E75-B1FA-C45A72174FEA}.Release|iPhoneSimulator.Deploy.0 = Release|Any CPU
		{AB909AC7-DFD1-4D98-A9F1-0902DB703008}.Debug|Any CPU.ActiveCfg = Debug|iPhone
		{AB909AC7-DFD1-4D98-A9F1-0902DB703008}.Debug|Any CPU.Build.0 = Debug|iPhone
		{AB909AC7-DFD1-4D98-A9F1-0902DB703008}.Debug|Any CPU.Deploy.0 = Debug|iPhone
		{AB909AC7-DFD1-4D98-A9F1-0902DB703008}.Debug|iPhone.ActiveCfg = Debug|iPhone
		{AB909AC7-DFD1-4D98-A9F1-0902DB703008}.Debug|iPhone.Build.0 = Debug|iPhone
		{AB909AC7-DFD1-4D98-A9F1-0902DB703008}.Debug|iPhone.Deploy.0 = Debug|iPhone
		{AB909AC7-DFD1-4D98-A9F1-0902DB703008}.Debug|iPhoneSimulator.ActiveCfg = Debug|iPhoneSimulator
		{AB909AC7-DFD1-4D98-A9F1-0902DB703008}.Debug|iPhoneSimulator.Build.0 = Debug|iPhoneSimulator
		{AB909AC7-DFD1-4D98-A9F1-0902DB703008}.Debug|iPhoneSimulator.Deploy.0 = Debug|iPhoneSimulator
		{AB909AC7-DFD1-4D98-A9F1-0902DB703008}.Release|Any CPU.ActiveCfg = Release|iPhoneSimulator
		{AB909AC7-DFD1-4D98-A9F1-0902DB703008}.Release|Any CPU.Build.0 = Release|iPhoneSimulator
		{AB909AC7-DFD1-4D98-A9F1-0902DB703008}.Release|Any CPU.Deploy.0 = Release|iPhoneSimulator
		{AB909AC7-DFD1-4D98-A9F1-0902DB703008}.Release|iPhone.ActiveCfg = Release|iPhone
		{AB909AC7-DFD1-4D98-A9F1-0902DB703008}.Release|iPhone.Build.0 = Release|iPhone
		{AB909AC7-DFD1-4D98-A9F1-0902DB703008}.Release|iPhone.Deploy.0 = Release|iPhone
		{AB909AC7-DFD1-4D98-A9F1-0902DB703008}.Release|iPhoneSimulator.ActiveCfg = Release|iPhoneSimulator
		{AB909AC7-DFD1-4D98-A9F1-0902DB703008}.Release|iPhoneSimulator.Build.0 = Release|iPhoneSimulator
		{AB909AC7-DFD1-4D98-A9F1-0902DB703008}.Release|iPhoneSimulator.Deploy.0 = Release|iPhoneSimulator
		{C025D1FC-F733-43C1-BE39-B1AABF1ABFF5}.Debug|Any CPU.ActiveCfg = Debug|Any CPU
		{C025D1FC-F733-43C1-BE39-B1AABF1ABFF5}.Debug|Any CPU.Build.0 = Debug|Any CPU
		{C025D1FC-F733-43C1-BE39-B1AABF1ABFF5}.Debug|Any CPU.Deploy.0 = Debug|Any CPU
		{C025D1FC-F733-43C1-BE39-B1AABF1ABFF5}.Debug|iPhone.ActiveCfg = Debug|Any CPU
		{C025D1FC-F733-43C1-BE39-B1AABF1ABFF5}.Debug|iPhone.Build.0 = Debug|Any CPU
		{C025D1FC-F733-43C1-BE39-B1AABF1ABFF5}.Debug|iPhone.Deploy.0 = Debug|Any CPU
		{C025D1FC-F733-43C1-BE39-B1AABF1ABFF5}.Debug|iPhoneSimulator.ActiveCfg = Debug|Any CPU
		{C025D1FC-F733-43C1-BE39-B1AABF1ABFF5}.Debug|iPhoneSimulator.Build.0 = Debug|Any CPU
		{C025D1FC-F733-43C1-BE39-B1AABF1ABFF5}.Debug|iPhoneSimulator.Deploy.0 = Debug|Any CPU
		{C025D1FC-F733-43C1-BE39-B1AABF1ABFF5}.Release|Any CPU.ActiveCfg = Release|Any CPU
		{C025D1FC-F733-43C1-BE39-B1AABF1ABFF5}.Release|Any CPU.Build.0 = Release|Any CPU
		{C025D1FC-F733-43C1-BE39-B1AABF1ABFF5}.Release|Any CPU.Deploy.0 = Release|Any CPU
		{C025D1FC-F733-43C1-BE39-B1AABF1ABFF5}.Release|iPhone.ActiveCfg = Release|Any CPU
		{C025D1FC-F733-43C1-BE39-B1AABF1ABFF5}.Release|iPhone.Build.0 = Release|Any CPU
		{C025D1FC-F733-43C1-BE39-B1AABF1ABFF5}.Release|iPhone.Deploy.0 = Release|Any CPU
		{C025D1FC-F733-43C1-BE39-B1AABF1ABFF5}.Release|iPhoneSimulator.ActiveCfg = Release|Any CPU
		{C025D1FC-F733-43C1-BE39-B1AABF1ABFF5}.Release|iPhoneSimulator.Build.0 = Release|Any CPU
		{C025D1FC-F733-43C1-BE39-B1AABF1ABFF5}.Release|iPhoneSimulator.Deploy.0 = Release|Any CPU
	EndGlobalSection
	GlobalSection(SolutionProperties) = preSolution
		HideSolutionNode = FALSE
	EndGlobalSection
	GlobalSection(ExtensibilityGlobals) = postSolution
		SolutionGuid = {9D15A87E-E195-40FA-92EF-258A33F3AEC1}
	EndGlobalSection
EndGlobal
